
Microsoft Visual Studio Solution File, Format Version 12.00
# Visual Studio Version 17
VisualStudioVersion = 17.4.33213.308
MinimumVisualStudioVersion = 10.0.40219.1
Project("{FAE04EC0-301F-11D3-BF4B-00C04F79EFBC}") = "Audio_Interface", "Audio_Interface.csproj", "{8733CABC-5CA8-4905-9953-8C09BEE8979C}"
EndProject
Global
	GlobalSection(SolutionConfigurationPlatforms) = preSolution
		Debug|Any CPU = Debug|Any CPU
		Release|Any CPU = Release|Any CPU
	EndGlobalSection
	GlobalSection(ProjectConfigurationPlatforms) = postSolution
		{8733CABC-5CA8-4905-9953-8C09BEE8979C}.Debug|Any CPU.ActiveCfg = Debug|Any CPU
		{8733CABC-5CA8-4905-9953-8C09BEE8979C}.Debug|Any CPU.Build.0 = Debug|Any CPU
		{8733CABC-5CA8-4905-9953-8C09BEE8979C}.Release|Any CPU.ActiveCfg = Release|Any CPU
		{8733CABC-5CA8-4905-9953-8C09BEE8979C}.Release|Any CPU.Build.0 = Release|Any CPU
	EndGlobalSection
	GlobalSection(SolutionProperties) = preSolution
		HideSolutionNode = FALSE
	EndGlobalSection
	GlobalSection(ExtensibilityGlobals) = postSolution
		SolutionGuid = {24302ADE-964C-47BC-9254-BF323D9A5965}
	EndGlobalSection
EndGlobal
